// !$*UTF8*$!
{
	archiveVersion = 1;
	classes = {
	};
	objectVersion = 46;
	objects = {

/* Begin PBXBuildFile section */
		D910DC041A8E8D9600A9E862 /* Browser.swift in Sources */ = {isa = PBXBuildFile; fileRef = D910DC031A8E8D9600A9E862 /* Browser.swift */; };
		D9ACE5751A9543200022A5DA /* Session.swift in Sources */ = {isa = PBXBuildFile; fileRef = D9ACE5741A9543200022A5DA /* Session.swift */; };
		D9E49A6F1A8D05CF00400B0D /* AppDelegate.swift in Sources */ = {isa = PBXBuildFile; fileRef = D9E49A6E1A8D05CF00400B0D /* AppDelegate.swift */; };
		D9E49A711A8D05CF00400B0D /* FirstViewController.swift in Sources */ = {isa = PBXBuildFile; fileRef = D9E49A701A8D05CF00400B0D /* FirstViewController.swift */; };
		D9E49A731A8D05CF00400B0D /* SecondViewController.swift in Sources */ = {isa = PBXBuildFile; fileRef = D9E49A721A8D05CF00400B0D /* SecondViewController.swift */; };
		D9E49A761A8D05CF00400B0D /* Main.storyboard in Resources */ = {isa = PBXBuildFile; fileRef = D9E49A741A8D05CF00400B0D /* Main.storyboard */; };
		D9E49A781A8D05CF00400B0D /* Images.xcassets in Resources */ = {isa = PBXBuildFile; fileRef = D9E49A771A8D05CF00400B0D /* Images.xcassets */; };
		D9E49A7B1A8D05CF00400B0D /* LaunchScreen.xib in Resources */ = {isa = PBXBuildFile; fileRef = D9E49A791A8D05CF00400B0D /* LaunchScreen.xib */; };
		D9E49A871A8D05CF00400B0D /* onePISD_NSURLTests.swift in Sources */ = {isa = PBXBuildFile; fileRef = D9E49A861A8D05CF00400B0D /* onePISD_NSURLTests.swift */; };
		D9E49A911A8D0B4F00400B0D /* PISDSession.swift in Sources */ = {isa = PBXBuildFile; fileRef = D9E49A901A8D0B4F00400B0D /* PISDSession.swift */; };
/* End PBXBuildFile section */

/* Begin PBXContainerItemProxy section */
		D9E49A811A8D05CF00400B0D /* PBXContainerItemProxy */ = {
			isa = PBXContainerItemProxy;
			containerPortal = D9E49A611A8D05CF00400B0D /* Project object */;
			proxyType = 1;
			remoteGlobalIDString = D9E49A681A8D05CF00400B0D;
			remoteInfo = "onePISD-NSURL";
		};
/* End PBXContainerItemProxy section */

/* Begin PBXFileReference section */
		D910DC031A8E8D9600A9E862 /* Browser.swift */ = {isa = PBXFileReference; fileEncoding = 4; lastKnownFileType = sourcecode.swift; path = Browser.swift; sourceTree = "<group>"; };
		D9ACE5741A9543200022A5DA /* Session.swift */ = {isa = PBXFileReference; fileEncoding = 4; lastKnownFileType = sourcecode.swift; path = Session.swift; sourceTree = "<group>"; };
		D9E49A691A8D05CF00400B0D /* onePISD-NSURL.app */ = {isa = PBXFileReference; explicitFileType = wrapper.application; includeInIndex = 0; path = "onePISD-NSURL.app"; sourceTree = BUILT_PRODUCTS_DIR; };
		D9E49A6D1A8D05CF00400B0D /* Info.plist */ = {isa = PBXFileReference; lastKnownFileType = text.plist.xml; path = Info.plist; sourceTree = "<group>"; };
		D9E49A6E1A8D05CF00400B0D /* AppDelegate.swift */ = {isa = PBXFileReference; lastKnownFileType = sourcecode.swift; path = AppDelegate.swift; sourceTree = "<group>"; };
		D9E49A701A8D05CF00400B0D /* FirstViewController.swift */ = {isa = PBXFileReference; lastKnownFileType = sourcecode.swift; path = FirstViewController.swift; sourceTree = "<group>"; };
		D9E49A721A8D05CF00400B0D /* SecondViewController.swift */ = {isa = PBXFileReference; lastKnownFileType = sourcecode.swift; path = SecondViewController.swift; sourceTree = "<group>"; };
		D9E49A751A8D05CF00400B0D /* Base */ = {isa = PBXFileReference; lastKnownFileType = file.storyboard; name = Base; path = Base.lproj/Main.storyboard; sourceTree = "<group>"; };
		D9E49A771A8D05CF00400B0D /* Images.xcassets */ = {isa = PBXFileReference; lastKnownFileType = folder.assetcatalog; path = Images.xcassets; sourceTree = "<group>"; };
		D9E49A7A1A8D05CF00400B0D /* Base */ = {isa = PBXFileReference; lastKnownFileType = file.xib; name = Base; path = Base.lproj/LaunchScreen.xib; sourceTree = "<group>"; };
		D9E49A801A8D05CF00400B0D /* onePISD-NSURLTests.xctest */ = {isa = PBXFileReference; explicitFileType = wrapper.cfbundle; includeInIndex = 0; path = "onePISD-NSURLTests.xctest"; sourceTree = BUILT_PRODUCTS_DIR; };
		D9E49A851A8D05CF00400B0D /* Info.plist */ = {isa = PBXFileReference; lastKnownFileType = text.plist.xml; path = Info.plist; sourceTree = "<group>"; };
		D9E49A861A8D05CF00400B0D /* onePISD_NSURLTests.swift */ = {isa = PBXFileReference; lastKnownFileType = sourcecode.swift; path = onePISD_NSURLTests.swift; sourceTree = "<group>"; };
		D9E49A901A8D0B4F00400B0D /* PISDSession.swift */ = {isa = PBXFileReference; fileEncoding = 4; lastKnownFileType = sourcecode.swift; path = PISDSession.swift; sourceTree = "<group>"; };
/* End PBXFileReference section */

/* Begin PBXFrameworksBuildPhase section */
		D9E49A661A8D05CF00400B0D /* Frameworks */ = {
			isa = PBXFrameworksBuildPhase;
			buildActionMask = 2147483647;
			files = (
			);
			runOnlyForDeploymentPostprocessing = 0;
		};
		D9E49A7D1A8D05CF00400B0D /* Frameworks */ = {
			isa = PBXFrameworksBuildPhase;
			buildActionMask = 2147483647;
			files = (
			);
			runOnlyForDeploymentPostprocessing = 0;
		};
/* End PBXFrameworksBuildPhase section */

/* Begin PBXGroup section */
		D9E49A601A8D05CF00400B0D = {
			isa = PBXGroup;
			children = (
				D9E49A6B1A8D05CF00400B0D /* onePISD-NSURL */,
				D9E49A831A8D05CF00400B0D /* onePISD-NSURLTests */,
				D9E49A6A1A8D05CF00400B0D /* Products */,
			);
			sourceTree = "<group>";
		};
		D9E49A6A1A8D05CF00400B0D /* Products */ = {
			isa = PBXGroup;
			children = (
				D9E49A691A8D05CF00400B0D /* onePISD-NSURL.app */,
				D9E49A801A8D05CF00400B0D /* onePISD-NSURLTests.xctest */,
			);
			name = Products;
			sourceTree = "<group>";
		};
		D9E49A6B1A8D05CF00400B0D /* onePISD-NSURL */ = {
			isa = PBXGroup;
			children = (
				D9E49A6E1A8D05CF00400B0D /* AppDelegate.swift */,
				D910DC031A8E8D9600A9E862 /* Browser.swift */,
				D9E49A701A8D05CF00400B0D /* FirstViewController.swift */,
				D9E49A721A8D05CF00400B0D /* SecondViewController.swift */,
				D9E49A901A8D0B4F00400B0D /* PISDSession.swift */,
				D9E49A741A8D05CF00400B0D /* Main.storyboard */,
				D9E49A771A8D05CF00400B0D /* Images.xcassets */,
				D9E49A791A8D05CF00400B0D /* LaunchScreen.xib */,
				D9E49A6C1A8D05CF00400B0D /* Supporting Files */,
				D9ACE5741A9543200022A5DA /* Session.swift */,
			);
			path = "onePISD-NSURL";
			sourceTree = "<group>";
		};
		D9E49A6C1A8D05CF00400B0D /* Supporting Files */ = {
			isa = PBXGroup;
			children = (
				D9E49A6D1A8D05CF00400B0D /* Info.plist */,
			);
			name = "Supporting Files";
			sourceTree = "<group>";
		};
		D9E49A831A8D05CF00400B0D /* onePISD-NSURLTests */ = {
			isa = PBXGroup;
			children = (
				D9E49A861A8D05CF00400B0D /* onePISD_NSURLTests.swift */,
				D9E49A841A8D05CF00400B0D /* Supporting Files */,
			);
			path = "onePISD-NSURLTests";
			sourceTree = "<group>";
		};
		D9E49A841A8D05CF00400B0D /* Supporting Files */ = {
			isa = PBXGroup;
			children = (
				D9E49A851A8D05CF00400B0D /* Info.plist */,
			);
			name = "Supporting Files";
			sourceTree = "<group>";
		};
/* End PBXGroup section */

/* Begin PBXNativeTarget section */
		D9E49A681A8D05CF00400B0D /* onePISD-NSURL */ = {
			isa = PBXNativeTarget;
			buildConfigurationList = D9E49A8A1A8D05CF00400B0D /* Build configuration list for PBXNativeTarget "onePISD-NSURL" */;
			buildPhases = (
				D9E49A651A8D05CF00400B0D /* Sources */,
				D9E49A661A8D05CF00400B0D /* Frameworks */,
				D9E49A671A8D05CF00400B0D /* Resources */,
			);
			buildRules = (
			);
			dependencies = (
			);
			name = "onePISD-NSURL";
			productName = "onePISD-NSURL";
			productReference = D9E49A691A8D05CF00400B0D /* onePISD-NSURL.app */;
			productType = "com.apple.product-type.application";
		};
		D9E49A7F1A8D05CF00400B0D /* onePISD-NSURLTests */ = {
			isa = PBXNativeTarget;
			buildConfigurationList = D9E49A8D1A8D05CF00400B0D /* Build configuration list for PBXNativeTarget "onePISD-NSURLTests" */;
			buildPhases = (
				D9E49A7C1A8D05CF00400B0D /* Sources */,
				D9E49A7D1A8D05CF00400B0D /* Frameworks */,
				D9E49A7E1A8D05CF00400B0D /* Resources */,
			);
			buildRules = (
			);
			dependencies = (
				D9E49A821A8D05CF00400B0D /* PBXTargetDependency */,
			);
			name = "onePISD-NSURLTests";
			productName = "onePISD-NSURLTests";
			productReference = D9E49A801A8D05CF00400B0D /* onePISD-NSURLTests.xctest */;
			productType = "com.apple.product-type.bundle.unit-test";
		};
/* End PBXNativeTarget section */

/* Begin PBXProject section */
		D9E49A611A8D05CF00400B0D /* Project object */ = {
			isa = PBXProject;
			attributes = {
				LastUpgradeCheck = 0610;
				ORGANIZATIONNAME = "Enrico Borba";
				TargetAttributes = {
					D9E49A681A8D05CF00400B0D = {
						CreatedOnToolsVersion = 6.1.1;
					};
					D9E49A7F1A8D05CF00400B0D = {
						CreatedOnToolsVersion = 6.1.1;
						TestTargetID = D9E49A681A8D05CF00400B0D;
					};
				};
			};
			buildConfigurationList = D9E49A641A8D05CF00400B0D /* Build configuration list for PBXProject "onePISD-NSURL" */;
			compatibilityVersion = "Xcode 3.2";
			developmentRegion = English;
			hasScannedForEncodings = 0;
			knownRegions = (
				en,
				Base,
			);
			mainGroup = D9E49A601A8D05CF00400B0D;
			productRefGroup = D9E49A6A1A8D05CF00400B0D /* Products */;
			projectDirPath = "";
			projectRoot = "";
			targets = (
				D9E49A681A8D05CF00400B0D /* onePISD-NSURL */,
				D9E49A7F1A8D05CF00400B0D /* onePISD-NSURLTests */,
			);
		};
/* End PBXProject section */

/* Begin PBXResourcesBuildPhase section */
		D9E49A671A8D05CF00400B0D /* Resources */ = {
			isa = PBXResourcesBuildPhase;
			buildActionMask = 2147483647;
			files = (
				D9E49A761A8D05CF00400B0D /* Main.storyboard in Resources */,
				D9E49A7B1A8D05CF00400B0D /* LaunchScreen.xib in Resources */,
				D9E49A781A8D05CF00400B0D /* Images.xcassets in Resources */,
			);
			runOnlyForDeploymentPostprocessing = 0;
		};
		D9E49A7E1A8D05CF00400B0D /* Resources */ = {
			isa = PBXResourcesBuildPhase;
			buildActionMask = 2147483647;
			files = (
			);
			runOnlyForDeploymentPostprocessing = 0;
		};
/* End PBXResourcesBuildPhase section */

/* Begin PBXSourcesBuildPhase section */
		D9E49A651A8D05CF00400B0D /* Sources */ = {
			isa = PBXSourcesBuildPhase;
			buildActionMask = 2147483647;
			files = (
				D910DC041A8E8D9600A9E862 /* Browser.swift in Sources */,
				D9E49A911A8D0B4F00400B0D /* PISDSession.swift in Sources */,
				D9ACE5751A9543200022A5DA /* Session.swift in Sources */,
				D9E49A731A8D05CF00400B0D /* SecondViewController.swift in Sources */,
				D9E49A6F1A8D05CF00400B0D /* AppDelegate.swift in Sources */,
				D9E49A711A8D05CF00400B0D /* FirstViewController.swift in Sources */,
			);
			runOnlyForDeploymentPostprocessing = 0;
		};
		D9E49A7C1A8D05CF00400B0D /* Sources */ = {
			isa = PBXSourcesBuildPhase;
			buildActionMask = 2147483647;
			files = (
				D9E49A871A8D05CF00400B0D /* onePISD_NSURLTests.swift in Sources */,
			);
			runOnlyForDeploymentPostprocessing = 0;
		};
/* End PBXSourcesBuildPhase section */

/* Begin PBXTargetDependency section */
		D9E49A821A8D05CF00400B0D /* PBXTargetDependency */ = {
			isa = PBXTargetDependency;
			target = D9E49A681A8D05CF00400B0D /* onePISD-NSURL */;
			targetProxy = D9E49A811A8D05CF00400B0D /* PBXContainerItemProxy */;
		};
/* End PBXTargetDependency section */

/* Begin PBXVariantGroup section */
		D9E49A741A8D05CF00400B0D /* Main.storyboard */ = {
			isa = PBXVariantGroup;
			children = (
				D9E49A751A8D05CF00400B0D /* Base */,
			);
			name = Main.storyboard;
			sourceTree = "<group>";
		};
		D9E49A791A8D05CF00400B0D /* LaunchScreen.xib */ = {
			isa = PBXVariantGroup;
			children = (
				D9E49A7A1A8D05CF00400B0D /* Base */,
			);
			name = LaunchScreen.xib;
			sourceTree = "<group>";
		};
/* End PBXVariantGroup section */

/* Begin XCBuildConfiguration section */
		D9E49A881A8D05CF00400B0D /* Debug */ = {
			isa = XCBuildConfiguration;
			buildSettings = {
				ALWAYS_SEARCH_USER_PATHS = NO;
				CLANG_CXX_LANGUAGE_STANDARD = "gnu++0x";
				CLANG_CXX_LIBRARY = "libc++";
				CLANG_ENABLE_MODULES = YES;
				CLANG_ENABLE_OBJC_ARC = YES;
				CLANG_WARN_BOOL_CONVERSION = YES;
				CLANG_WARN_CONSTANT_CONVERSION = YES;
				CLANG_WARN_DIRECT_OBJC_ISA_USAGE = YES_ERROR;
				CLANG_WARN_EMPTY_BODY = YES;
				CLANG_WARN_ENUM_CONVERSION = YES;
				CLANG_WARN_INT_CONVERSION = YES;
				CLANG_WARN_OBJC_ROOT_CLASS = YES_ERROR;
				CLANG_WARN_UNREACHABLE_CODE = YES;
				CLANG_WARN__DUPLICATE_METHOD_MATCH = YES;
				"CODE_SIGN_IDENTITY[sdk=iphoneos*]" = "iPhone Developer";
				COPY_PHASE_STRIP = NO;
				ENABLE_STRICT_OBJC_MSGSEND = YES;
				GCC_C_LANGUAGE_STANDARD = gnu99;
				GCC_DYNAMIC_NO_PIC = NO;
				GCC_OPTIMIZATION_LEVEL = 0;
				GCC_PREPROCESSOR_DEFINITIONS = (
					"DEBUG=1",
					"$(inherited)",
				);
				GCC_SYMBOLS_PRIVATE_EXTERN = NO;
				GCC_WARN_64_TO_32_BIT_CONVERSION = YES;
				GCC_WARN_ABOUT_RETURN_TYPE = YES_ERROR;
				GCC_WARN_UNDECLARED_SELECTOR = YES;
				GCC_WARN_UNINITIALIZED_AUTOS = YES_AGGRESSIVE;
				GCC_WARN_UNUSED_FUNCTION = YES;
				GCC_WARN_UNUSED_VARIABLE = YES;
				IPHONEOS_DEPLOYMENT_TARGET = 8.1;
				MTL_ENABLE_DEBUG_INFO = YES;
				ONLY_ACTIVE_ARCH = YES;
				SDKROOT = iphoneos;
				SWIFT_OPTIMIZATION_LEVEL = "-Onone";
			};
			name = Debug;
		};
		D9E49A891A8D05CF00400B0D /* Release */ = {
			isa = XCBuildConfiguration;
			buildSettings = {
				ALWAYS_SEARCH_USER_PATHS = NO;
				CLANG_CXX_LANGUAGE_STANDARD = "gnu++0x";
				CLANG_CXX_LIBRARY = "libc++";
				CLANG_ENABLE_MODULES = YES;
				CLANG_ENABLE_OBJC_ARC = YES;
				CLANG_WARN_BOOL_CONVERSION = YES;
				CLANG_WARN_CONSTANT_CONVERSION = YES;
				CLANG_WARN_DIRECT_OBJC_ISA_USAGE = YES_ERROR;
				CLANG_WARN_EMPTY_BODY = YES;
				CLANG_WARN_ENUM_CONVERSION = YES;
				CLANG_WARN_INT_CONVERSION = YES;
				CLANG_WARN_OBJC_ROOT_CLASS = YES_ERROR;
				CLANG_WARN_UNREACHABLE_CODE = YES;
				CLANG_WARN__DUPLICATE_METHOD_MATCH = YES;
				"CODE_SIGN_IDENTITY[sdk=iphoneos*]" = "iPhone Developer";
				COPY_PHASE_STRIP = YES;
				ENABLE_NS_ASSERTIONS = NO;
				ENABLE_STRICT_OBJC_MSGSEND = YES;
				GCC_C_LANGUAGE_STANDARD = gnu99;
				GCC_WARN_64_TO_32_BIT_CONVERSION = YES;
				GCC_WARN_ABOUT_RETURN_TYPE = YES_ERROR;
				GCC_WARN_UNDECLARED_SELECTOR = YES;
				GCC_WARN_UNINITIALIZED_AUTOS = YES_AGGRESSIVE;
				GCC_WARN_UNUSED_FUNCTION = YES;
				GCC_WARN_UNUSED_VARIABLE = YES;
				IPHONEOS_DEPLOYMENT_TARGET = 8.1;
				MTL_ENABLE_DEBUG_INFO = NO;
				SDKROOT = iphoneos;
				VALIDATE_PRODUCT = YES;
			};
			name = Release;
		};
		D9E49A8B1A8D05CF00400B0D /* Debug */ = {
			isa = XCBuildConfiguration;
			buildSettings = {
				ASSETCATALOG_COMPILER_APPICON_NAME = AppIcon;
				INFOPLIST_FILE = "onePISD-NSURL/Info.plist";
				LD_RUNPATH_SEARCH_PATHS = "$(inherited) @executable_path/Frameworks";
				PRODUCT_NAME = "$(TARGET_NAME)";
			};
			name = Debug;
		};
		D9E49A8C1A8D05CF00400B0D /* Release */ = {
			isa = XCBuildConfiguration;
			buildSettings = {
				ASSETCATALOG_COMPILER_APPICON_NAME = AppIcon;
				INFOPLIST_FILE = "onePISD-NSURL/Info.plist";
				LD_RUNPATH_SEARCH_PATHS = "$(inherited) @executable_path/Frameworks";
				PRODUCT_NAME = "$(TARGET_NAME)";
			};
			name = Release;
		};
		D9E49A8E1A8D05CF00400B0D /* Debug */ = {
			isa = XCBuildConfiguration;
			buildSettings = {
				BUNDLE_LOADER = "$(TEST_HOST)";
				FRAMEWORK_SEARCH_PATHS = (
					"$(SDKROOT)/Developer/Library/Frameworks",
					"$(inherited)",
				);
				GCC_PREPROCESSOR_DEFINITIONS = (
					"DEBUG=1",
					"$(inherited)",
				);
				INFOPLIST_FILE = "onePISD-NSURLTests/Info.plist";
				LD_RUNPATH_SEARCH_PATHS = "$(inherited) @executable_path/Frameworks @loader_path/Frameworks";
				PRODUCT_NAME = "$(TARGET_NAME)";
				TEST_HOST = "$(BUILT_PRODUCTS_DIR)/onePISD-NSURL.app/onePISD-NSURL";
			};
			name = Debug;
		};
		D9E49A8F1A8D05CF00400B0D /* Release */ = {
			isa = XCBuildConfiguration;
			buildSettings = {
				BUNDLE_LOADER = "$(TEST_HOST)";
				FRAMEWORK_SEARCH_PATHS = (
					"$(SDKROOT)/Developer/Library/Frameworks",
					"$(inherited)",
				);
				INFOPLIST_FILE = "onePISD-NSURLTests/Info.plist";
				LD_RUNPATH_SEARCH_PATHS = "$(inherited) @executable_path/Frameworks @loader_path/Frameworks";
				PRODUCT_NAME = "$(TARGET_NAME)";
				TEST_HOST = "$(BUILT_PRODUCTS_DIR)/onePISD-NSURL.app/onePISD-NSURL";
			};
			name = Release;
		};
/* End XCBuildConfiguration section */

/* Begin XCConfigurationList section */
		D9E49A641A8D05CF00400B0D /* Build configuration list for PBXProject "onePISD-NSURL" */ = {
			isa = XCConfigurationList;
			buildConfigurations = (
				D9E49A881A8D05CF00400B0D /* Debug */,
				D9E49A891A8D05CF00400B0D /* Release */,
			);
			defaultConfigurationIsVisible = 0;
			defaultConfigurationName = Release;
		};
		D9E49A8A1A8D05CF00400B0D /* Build configuration list for PBXNativeTarget "onePISD-NSURL" */ = {
			isa = XCConfigurationList;
			buildConfigurations = (
				D9E49A8B1A8D05CF00400B0D /* Debug */,
				D9E49A8C1A8D05CF00400B0D /* Release */,
			);
			defaultConfigurationIsVisible = 0;
			defaultConfigurationName = Release;
		};
		D9E49A8D1A8D05CF00400B0D /* Build configuration list for PBXNativeTarget "onePISD-NSURLTests" */ = {
			isa = XCConfigurationList;
			buildConfigurations = (
				D9E49A8E1A8D05CF00400B0D /* Debug */,
				D9E49A8F1A8D05CF00400B0D /* Release */,
			);
			defaultConfigurationIsVisible = 0;
			defaultConfigurationName = Release;
		};
/* End XCConfigurationList section */
	};
	rootObject = D9E49A611A8D05CF00400B0D /* Project object */;
}
